PODS:
  - audioplayer (0.0.1):
    - Flutter
  - Flutter (1.0.0)
  - flutter_youtube (0.0.1):
    - Flutter
    - XCDYouTubeKit
  - image_picker (0.0.1):
    - Flutter
  - path_provider (0.0.1):
    - Flutter
  - shared_preferences (0.0.1):
    - Flutter
  - url_launcher (0.0.1):
    - Flutter
  - XCDYouTubeKit (2.5.6)

DEPENDENCIES:
  - audioplayer (from `.symlinks/plugins/audioplayer/ios`)
  - Flutter (from `.symlinks/flutter/ios-release`)
  - flutter_youtube (from `.symlinks/plugins/flutter_youtube/ios`)
  - image_picker (from `.symlinks/plugins/image_picker/ios`)
  - path_provider (from `.symlinks/plugins/path_provider/ios`)
  - shared_preferences (from `.symlinks/plugins/shared_preferences/ios`)
  - url_launcher (from `.symlinks/plugins/url_launcher/ios`)

SPEC REPOS:
  https://github.com/cocoapods/specs.git:
    - XCDYouTubeKit

EXTERNAL SOURCES:
  audioplayer:
    :path: ".symlinks/plugins/audioplayer/ios"
  Flutter:
    :path: ".symlinks/flutter/ios-release"
  flutter_youtube:
    :path: ".symlinks/plugins/flutter_youtube/ios"
  image_picker:
    :path: ".symlinks/plugins/image_picker/ios"
  path_provider:
    :path: ".symlinks/plugins/path_provider/ios"
  shared_preferences:
    :path: ".symlinks/plugins/shared_preferences/ios"
  url_launcher:
    :path: ".symlinks/plugins/url_launcher/ios"

SPEC CHECKSUMS:
  audioplayer: 3cc64e4f5f3e231c715c8923a9bc26a19dc5da3b
  Flutter: 9d0fac939486c9aba2809b7982dfdbb47a7b0296
  flutter_youtube: e237870de392a5ee800e9c36a13796ed887718b2
  image_picker: ee00aab0487cedc80a304085219503cc6d0f2e22
  path_provider: 09407919825bfe3c2deae39453b7a5b44f467873
  shared_preferences: 5a1d487c427ee18fcd3ea1f2a131569481834b53
  url_launcher: 92b89c1029a0373879933c21642958c874539095
  XCDYouTubeKit: dccfe0c17dd5c5187969ec27e93069573badb08f

PODFILE CHECKSUM: 1e5af4103afd21ca5ead147d7b81d06f494f51a2

COCOAPODS: 1.5.3
